
Microsoft Visual Studio Solution File, Format Version 12.00
# Visual Studio 14
VisualStudioVersion = 14.0.23107.0
MinimumVisualStudioVersion = 10.0.40219.1
Project("{FAE04EC0-301F-11D3-BF4B-00C04F79EFBC}") = "StockHelper", "StockHelper\StockHelper.csproj", "{B8F0F103-B927-4E1A-B6D4-8C1B1F545B50}"
EndProject
Project("{FAE04EC0-301F-11D3-BF4B-00C04F79EFBC}") = "Common", "Common\Common.csproj", "{BF90609D-D679-4EB5-A53D-3250CA71D90A}"
EndProject
Project("{FAE04EC0-301F-11D3-BF4B-00C04F79EFBC}") = "Model", "Model\Model.csproj", "{6BABA8D7-70BC-4A1E-AFF7-C466B86EDA47}"
EndProject
Project("{FAE04EC0-301F-11D3-BF4B-00C04F79EFBC}") = "StockApi", "StockApi\StockApi.csproj", "{BD658676-ACB5-40B4-A9D3-022A7FDDEF5B}"
EndProject
Project("{FAE04EC0-301F-11D3-BF4B-00C04F79EFBC}") = "BLL", "BLL\BLL.csproj", "{5347D1A9-952D-4E08-80C0-CC66F62A57A2}"
EndProject
Project("{FAE04EC0-301F-11D3-BF4B-00C04F79EFBC}") = "NeuralNetWork", "NeuralNetWork\NeuralNetWork.csproj", "{BDE8A04C-31D5-4B75-A00E-DBE2967BDD88}"
EndProject
Project("{FAE04EC0-301F-11D3-BF4B-00C04F79EFBC}") = "StockWeb", "StockWeb\StockWeb.csproj", "{8E6EF010-18AE-4ECD-90E0-CBA93C19E176}"
EndProject
Global
	GlobalSection(SolutionConfigurationPlatforms) = preSolution
		Debug|Any CPU = Debug|Any CPU
		Debug|x64 = Debug|x64
		Debug|x86 = Debug|x86
		Release|Any CPU = Release|Any CPU
		Release|x64 = Release|x64
		Release|x86 = Release|x86
	EndGlobalSection
	GlobalSection(ProjectConfigurationPlatforms) = postSolution
		{B8F0F103-B927-4E1A-B6D4-8C1B1F545B50}.Debug|Any CPU.ActiveCfg = Debug|Any CPU
		{B8F0F103-B927-4E1A-B6D4-8C1B1F545B50}.Debug|Any CPU.Build.0 = Debug|Any CPU
		{B8F0F103-B927-4E1A-B6D4-8C1B1F545B50}.Debug|x64.ActiveCfg = Debug|Any CPU
		{B8F0F103-B927-4E1A-B6D4-8C1B1F545B50}.Debug|x64.Build.0 = Debug|Any CPU
		{B8F0F103-B927-4E1A-B6D4-8C1B1F545B50}.Debug|x86.ActiveCfg = Debug|Any CPU
		{B8F0F103-B927-4E1A-B6D4-8C1B1F545B50}.Debug|x86.Build.0 = Debug|Any CPU
		{B8F0F103-B927-4E1A-B6D4-8C1B1F545B50}.Release|Any CPU.ActiveCfg = Release|Any CPU
		{B8F0F103-B927-4E1A-B6D4-8C1B1F545B50}.Release|Any CPU.Build.0 = Release|Any CPU
		{B8F0F103-B927-4E1A-B6D4-8C1B1F545B50}.Release|x64.ActiveCfg = Release|Any CPU
		{B8F0F103-B927-4E1A-B6D4-8C1B1F545B50}.Release|x64.Build.0 = Release|Any CPU
		{B8F0F103-B927-4E1A-B6D4-8C1B1F545B50}.Release|x86.ActiveCfg = Release|Any CPU
		{B8F0F103-B927-4E1A-B6D4-8C1B1F545B50}.Release|x86.Build.0 = Release|Any CPU
		{BF90609D-D679-4EB5-A53D-3250CA71D90A}.Debug|Any CPU.ActiveCfg = Debug|Any CPU
		{BF90609D-D679-4EB5-A53D-3250CA71D90A}.Debug|Any CPU.Build.0 = Debug|Any CPU
		{BF90609D-D679-4EB5-A53D-3250CA71D90A}.Debug|x64.ActiveCfg = Debug|Any CPU
		{BF90609D-D679-4EB5-A53D-3250CA71D90A}.Debug|x64.Build.0 = Debug|Any CPU
		{BF90609D-D679-4EB5-A53D-3250CA71D90A}.Debug|x86.ActiveCfg = Debug|Any CPU
		{BF90609D-D679-4EB5-A53D-3250CA71D90A}.Debug|x86.Build.0 = Debug|Any CPU
		{BF90609D-D679-4EB5-A53D-3250CA71D90A}.Release|Any CPU.ActiveCfg = Release|Any CPU
		{BF90609D-D679-4EB5-A53D-3250CA71D90A}.Release|Any CPU.Build.0 = Release|Any CPU
		{BF90609D-D679-4EB5-A53D-3250CA71D90A}.Release|x64.ActiveCfg = Release|Any CPU
		{BF90609D-D679-4EB5-A53D-3250CA71D90A}.Release|x64.Build.0 = Release|Any CPU
		{BF90609D-D679-4EB5-A53D-3250CA71D90A}.Release|x86.ActiveCfg = Release|Any CPU
		{BF90609D-D679-4EB5-A53D-3250CA71D90A}.Release|x86.Build.0 = Release|Any CPU
		{6BABA8D7-70BC-4A1E-AFF7-C466B86EDA47}.Debug|Any CPU.ActiveCfg = Debug|Any CPU
		{6BABA8D7-70BC-4A1E-AFF7-C466B86EDA47}.Debug|Any CPU.Build.0 = Debug|Any CPU
		{6BABA8D7-70BC-4A1E-AFF7-C466B86EDA47}.Debug|x64.ActiveCfg = Debug|Any CPU
		{6BABA8D7-70BC-4A1E-AFF7-C466B86EDA47}.Debug|x64.Build.0 = Debug|Any CPU
		{6BABA8D7-70BC-4A1E-AFF7-C466B86EDA47}.Debug|x86.ActiveCfg = Debug|Any CPU
		{6BABA8D7-70BC-4A1E-AFF7-C466B86EDA47}.Debug|x86.Build.0 = Debug|Any CPU
		{6BABA8D7-70BC-4A1E-AFF7-C466B86EDA47}.Release|Any CPU.ActiveCfg = Release|Any CPU
		{6BABA8D7-70BC-4A1E-AFF7-C466B86EDA47}.Release|Any CPU.Build.0 = Release|Any CPU
		{6BABA8D7-70BC-4A1E-AFF7-C466B86EDA47}.Release|x64.ActiveCfg = Release|Any CPU
		{6BABA8D7-70BC-4A1E-AFF7-C466B86EDA47}.Release|x64.Build.0 = Release|Any CPU
		{6BABA8D7-70BC-4A1E-AFF7-C466B86EDA47}.Release|x86.ActiveCfg = Release|Any CPU
		{6BABA8D7-70BC-4A1E-AFF7-C466B86EDA47}.Release|x86.Build.0 = Release|Any CPU
		{BD658676-ACB5-40B4-A9D3-022A7FDDEF5B}.Debug|Any CPU.ActiveCfg = Debug|Any CPU
		{BD658676-ACB5-40B4-A9D3-022A7FDDEF5B}.Debug|Any CPU.Build.0 = Debug|Any CPU
		{BD658676-ACB5-40B4-A9D3-022A7FDDEF5B}.Debug|x64.ActiveCfg = Debug|Any CPU
		{BD658676-ACB5-40B4-A9D3-022A7FDDEF5B}.Debug|x64.Build.0 = Debug|Any CPU
		{BD658676-ACB5-40B4-A9D3-022A7FDDEF5B}.Debug|x86.ActiveCfg = Debug|Any CPU
		{BD658676-ACB5-40B4-A9D3-022A7FDDEF5B}.Debug|x86.Build.0 = Debug|Any CPU
		{BD658676-ACB5-40B4-A9D3-022A7FDDEF5B}.Release|Any CPU.ActiveCfg = Release|Any CPU
		{BD658676-ACB5-40B4-A9D3-022A7FDDEF5B}.Release|Any CPU.Build.0 = Release|Any CPU
		{BD658676-ACB5-40B4-A9D3-022A7FDDEF5B}.Release|x64.ActiveCfg = Release|Any CPU
		{BD658676-ACB5-40B4-A9D3-022A7FDDEF5B}.Release|x64.Build.0 = Release|Any CPU
		{BD658676-ACB5-40B4-A9D3-022A7FDDEF5B}.Release|x86.ActiveCfg = Release|Any CPU
		{BD658676-ACB5-40B4-A9D3-022A7FDDEF5B}.Release|x86.Build.0 = Release|Any CPU
		{5347D1A9-952D-4E08-80C0-CC66F62A57A2}.Debug|Any CPU.ActiveCfg = Debug|Any CPU
		{5347D1A9-952D-4E08-80C0-CC66F62A57A2}.Debug|Any CPU.Build.0 = Debug|Any CPU
		{5347D1A9-952D-4E08-80C0-CC66F62A57A2}.Debug|x64.ActiveCfg = Debug|Any CPU
		{5347D1A9-952D-4E08-80C0-CC66F62A57A2}.Debug|x64.Build.0 = Debug|Any CPU
		{5347D1A9-952D-4E08-80C0-CC66F62A57A2}.Debug|x86.ActiveCfg = Debug|Any CPU
		{5347D1A9-952D-4E08-80C0-CC66F62A57A2}.Debug|x86.Build.0 = Debug|Any CPU
		{5347D1A9-952D-4E08-80C0-CC66F62A57A2}.Release|Any CPU.ActiveCfg = Release|Any CPU
		{5347D1A9-952D-4E08-80C0-CC66F62A57A2}.Release|Any CPU.Build.0 = Release|Any CPU
		{5347D1A9-952D-4E08-80C0-CC66F62A57A2}.Release|x64.ActiveCfg = Release|Any CPU
		{5347D1A9-952D-4E08-80C0-CC66F62A57A2}.Release|x64.Build.0 = Release|Any CPU
		{5347D1A9-952D-4E08-80C0-CC66F62A57A2}.Release|x86.ActiveCfg = Release|Any CPU
		{5347D1A9-952D-4E08-80C0-CC66F62A57A2}.Release|x86.Build.0 = Release|Any CPU
		{BDE8A04C-31D5-4B75-A00E-DBE2967BDD88}.Debug|Any CPU.ActiveCfg = Debug|Any CPU
		{BDE8A04C-31D5-4B75-A00E-DBE2967BDD88}.Debug|Any CPU.Build.0 = Debug|Any CPU
		{BDE8A04C-31D5-4B75-A00E-DBE2967BDD88}.Debug|x64.ActiveCfg = Debug|Any CPU
		{BDE8A04C-31D5-4B75-A00E-DBE2967BDD88}.Debug|x64.Build.0 = Debug|Any CPU
		{BDE8A04C-31D5-4B75-A00E-DBE2967BDD88}.Debug|x86.ActiveCfg = Debug|Any CPU
		{BDE8A04C-31D5-4B75-A00E-DBE2967BDD88}.Debug|x86.Build.0 = Debug|Any CPU
		{BDE8A04C-31D5-4B75-A00E-DBE2967BDD88}.Release|Any CPU.ActiveCfg = Release|Any CPU
		{BDE8A04C-31D5-4B75-A00E-DBE2967BDD88}.Release|Any CPU.Build.0 = Release|Any CPU
		{BDE8A04C-31D5-4B75-A00E-DBE2967BDD88}.Release|x64.ActiveCfg = Release|Any CPU
		{BDE8A04C-31D5-4B75-A00E-DBE2967BDD88}.Release|x64.Build.0 = Release|Any CPU
		{BDE8A04C-31D5-4B75-A00E-DBE2967BDD88}.Release|x86.ActiveCfg = Release|Any CPU
		{BDE8A04C-31D5-4B75-A00E-DBE2967BDD88}.Release|x86.Build.0 = Release|Any CPU
		{8E6EF010-18AE-4ECD-90E0-CBA93C19E176}.Debug|Any CPU.ActiveCfg = Debug|Any CPU
		{8E6EF010-18AE-4ECD-90E0-CBA93C19E176}.Debug|Any CPU.Build.0 = Debug|Any CPU
		{8E6EF010-18AE-4ECD-90E0-CBA93C19E176}.Debug|x64.ActiveCfg = Debug|Any CPU
		{8E6EF010-18AE-4ECD-90E0-CBA93C19E176}.Debug|x64.Build.0 = Debug|Any CPU
		{8E6EF010-18AE-4ECD-90E0-CBA93C19E176}.Debug|x86.ActiveCfg = Debug|Any CPU
		{8E6EF010-18AE-4ECD-90E0-CBA93C19E176}.Debug|x86.Build.0 = Debug|Any CPU
		{8E6EF010-18AE-4ECD-90E0-CBA93C19E176}.Release|Any CPU.ActiveCfg = Release|Any CPU
		{8E6EF010-18AE-4ECD-90E0-CBA93C19E176}.Release|Any CPU.Build.0 = Release|Any CPU
		{8E6EF010-18AE-4ECD-90E0-CBA93C19E176}.Release|x64.ActiveCfg = Release|Any CPU
		{8E6EF010-18AE-4ECD-90E0-CBA93C19E176}.Release|x64.Build.0 = Release|Any CPU
		{8E6EF010-18AE-4ECD-90E0-CBA93C19E176}.Release|x86.ActiveCfg = Release|Any CPU
		{8E6EF010-18AE-4ECD-90E0-CBA93C19E176}.Release|x86.Build.0 = Release|Any CPU
	EndGlobalSection
	GlobalSection(SolutionProperties) = preSolution
		HideSolutionNode = FALSE
	EndGlobalSection
EndGlobal
